
Microsoft Visual Studio Solution File, Format Version 12.00
# Visual Studio 2013
VisualStudioVersion = 12.0.21005.1
MinimumVisualStudioVersion = 10.0.40219.1
Project("{FAE04EC0-301F-11D3-BF4B-00C04F79EFBC}") = "ExpenseTracker", "ExpenseTracker\ExpenseTracker.csproj", "{AA2DDBB8-B6A7-4D0B-ACBA-FE81C1316315}"
EndProject
Project("{FAE04EC0-301F-11D3-BF4B-00C04F79EFBC}") = "ExpenseTracker.Desktop", "ExpenseTracker.Desktop\ExpenseTracker.Desktop.csproj", "{5D509E81-5D87-409F-9D63-0F8C922DA468}"
	ProjectSection(ProjectDependencies) = postProject
		{AA2DDBB8-B6A7-4D0B-ACBA-FE81C1316315} = {AA2DDBB8-B6A7-4D0B-ACBA-FE81C1316315}
	EndProjectSection
EndProject
Global
	GlobalSection(SolutionConfigurationPlatforms) = preSolution
		Debug|Any CPU = Debug|Any CPU
		Release|Any CPU = Release|Any CPU
	EndGlobalSection
	GlobalSection(ProjectConfigurationPlatforms) = postSolution
		{AA2DDBB8-B6A7-4D0B-ACBA-FE81C1316315}.Debug|Any CPU.ActiveCfg = Debug|Any CPU
		{AA2DDBB8-B6A7-4D0B-ACBA-FE81C1316315}.Debug|Any CPU.Build.0 = Debug|Any CPU
		{AA2DDBB8-B6A7-4D0B-ACBA-FE81C1316315}.Release|Any CPU.ActiveCfg = Release|Any CPU
		{AA2DDBB8-B6A7-4D0B-ACBA-FE81C1316315}.Release|Any CPU.Build.0 = Release|Any CPU
		{5D509E81-5D87-409F-9D63-0F8C922DA468}.Debug|Any CPU.ActiveCfg = Debug|Any CPU
		{5D509E81-5D87-409F-9D63-0F8C922DA468}.Debug|Any CPU.Build.0 = Debug|Any CPU
		{5D509E81-5D87-409F-9D63-0F8C922DA468}.Release|Any CPU.ActiveCfg = Release|Any CPU
		{5D509E81-5D87-409F-9D63-0F8C922DA468}.Release|Any CPU.Build.0 = Release|Any CPU
	EndGlobalSection
	GlobalSection(SolutionProperties) = preSolution
		HideSolutionNode = FALSE
	EndGlobalSection
EndGlobal
